// !$*UTF8*$!
{
	archiveVersion = 1;
	classes = {
	};
	objectVersion = 50;
	objects = {

/* Begin PBXBuildFile section */
		641C73BC22F7072700256AFA /* AppDelegate.swift in Sources */ = {isa = PBXBuildFile; fileRef = 641C73BB22F7072700256AFA /* AppDelegate.swift */; };
		641C73C322F7072900256AFA /* Assets.xcassets in Resources */ = {isa = PBXBuildFile; fileRef = 641C73C222F7072900256AFA /* Assets.xcassets */; };
		641C73C622F7072900256AFA /* LaunchScreen.storyboard in Resources */ = {isa = PBXBuildFile; fileRef = 641C73C422F7072900256AFA /* LaunchScreen.storyboard */; };
		641C73D122F7072900256AFA /* TipCalculatorTests.swift in Sources */ = {isa = PBXBuildFile; fileRef = 641C73D022F7072900256AFA /* TipCalculatorTests.swift */; };
		641C73DC22F7072900256AFA /* TipCalculatorUITests.swift in Sources */ = {isa = PBXBuildFile; fileRef = 641C73DB22F7072900256AFA /* TipCalculatorUITests.swift */; };
		641C73EA22F7074D00256AFA /* TipCalculator.storyboard in Resources */ = {isa = PBXBuildFile; fileRef = 641C73E922F7074D00256AFA /* TipCalculator.storyboard */; };
		641C73EC22F70DAA00256AFA /* Tip.swift in Sources */ = {isa = PBXBuildFile; fileRef = 641C73EB22F70DAA00256AFA /* Tip.swift */; };
		641C73EE22F70DE600256AFA /* TipViewModel.swift in Sources */ = {isa = PBXBuildFile; fileRef = 641C73ED22F70DE600256AFA /* TipViewModel.swift */; };
		641C73F122F70FAA00256AFA /* Extension+Double.swift in Sources */ = {isa = PBXBuildFile; fileRef = 641C73F022F70FAA00256AFA /* Extension+Double.swift */; };
		641C73F322F7101100256AFA /* Extension+String.swift in Sources */ = {isa = PBXBuildFile; fileRef = 641C73F222F7101100256AFA /* Extension+String.swift */; };
		641C73F822F711DF00256AFA /* TipCalculator.swift in Sources */ = {isa = PBXBuildFile; fileRef = 641C73F722F711DF00256AFA /* TipCalculator.swift */; };
/* End PBXBuildFile section */

/* Begin PBXContainerItemProxy section */
		641C73CD22F7072900256AFA /* PBXContainerItemProxy */ = {
			isa = PBXContainerItemProxy;
			containerPortal = 641C73B022F7072700256AFA /* Project object */;
			proxyType = 1;
			remoteGlobalIDString = 641C73B722F7072700256AFA;
			remoteInfo = TipCalculator;
		};
		641C73D822F7072900256AFA /* PBXContainerItemProxy */ = {
			isa = PBXContainerItemProxy;
			containerPortal = 641C73B022F7072700256AFA /* Project object */;
			proxyType = 1;
			remoteGlobalIDString = 641C73B722F7072700256AFA;
			remoteInfo = TipCalculator;
		};
/* End PBXContainerItemProxy section */

/* Begin PBXFileReference section */
		641C73B822F7072700256AFA /* TipCalculator.app */ = {isa = PBXFileReference; explicitFileType = wrapper.application; includeInIndex = 0; path = TipCalculator.app; sourceTree = BUILT_PRODUCTS_DIR; };
		641C73BB22F7072700256AFA /* AppDelegate.swift */ = {isa = PBXFileReference; lastKnownFileType = sourcecode.swift; path = AppDelegate.swift; sourceTree = "<group>"; };
		641C73C222F7072900256AFA /* Assets.xcassets */ = {isa = PBXFileReference; lastKnownFileType = folder.assetcatalog; path = Assets.xcassets; sourceTree = "<group>"; };
		641C73C522F7072900256AFA /* Base */ = {isa = PBXFileReference; lastKnownFileType = file.storyboard; name = Base; path = Base.lproj/LaunchScreen.storyboard; sourceTree = "<group>"; };
		641C73C722F7072900256AFA /* Info.plist */ = {isa = PBXFileReference; lastKnownFileType = text.plist.xml; path = Info.plist; sourceTree = "<group>"; };
		641C73CC22F7072900256AFA /* TipCalculatorTests.xctest */ = {isa = PBXFileReference; explicitFileType = wrapper.cfbundle; includeInIndex = 0; path = TipCalculatorTests.xctest; sourceTree = BUILT_PRODUCTS_DIR; };
		641C73D022F7072900256AFA /* TipCalculatorTests.swift */ = {isa = PBXFileReference; lastKnownFileType = sourcecode.swift; path = TipCalculatorTests.swift; sourceTree = "<group>"; };
		641C73D222F7072900256AFA /* Info.plist */ = {isa = PBXFileReference; lastKnownFileType = text.plist.xml; path = Info.plist; sourceTree = "<group>"; };
		641C73D722F7072900256AFA /* TipCalculatorUITests.xctest */ = {isa = PBXFileReference; explicitFileType = wrapper.cfbundle; includeInIndex = 0; path = TipCalculatorUITests.xctest; sourceTree = BUILT_PRODUCTS_DIR; };
		641C73DB22F7072900256AFA /* TipCalculatorUITests.swift */ = {isa = PBXFileReference; lastKnownFileType = sourcecode.swift; path = TipCalculatorUITests.swift; sourceTree = "<group>"; };
		641C73DD22F7072900256AFA /* Info.plist */ = {isa = PBXFileReference; lastKnownFileType = text.plist.xml; path = Info.plist; sourceTree = "<group>"; };
		641C73E922F7074D00256AFA /* TipCalculator.storyboard */ = {isa = PBXFileReference; lastKnownFileType = file.storyboard; path = TipCalculator.storyboard; sourceTree = "<group>"; };
		641C73EB22F70DAA00256AFA /* Tip.swift */ = {isa = PBXFileReference; lastKnownFileType = sourcecode.swift; path = Tip.swift; sourceTree = "<group>"; };
		641C73ED22F70DE600256AFA /* TipViewModel.swift */ = {isa = PBXFileReference; lastKnownFileType = sourcecode.swift; path = TipViewModel.swift; sourceTree = "<group>"; };
		641C73F022F70FAA00256AFA /* Extension+Double.swift */ = {isa = PBXFileReference; lastKnownFileType = sourcecode.swift; path = "Extension+Double.swift"; sourceTree = "<group>"; };
		641C73F222F7101100256AFA /* Extension+String.swift */ = {isa = PBXFileReference; lastKnownFileType = sourcecode.swift; path = "Extension+String.swift"; sourceTree = "<group>"; };
		641C73F722F711DF00256AFA /* TipCalculator.swift */ = {isa = PBXFileReference; lastKnownFileType = sourcecode.swift; path = TipCalculator.swift; sourceTree = "<group>"; };
/* End PBXFileReference section */

/* Begin PBXFrameworksBuildPhase section */
		641C73B522F7072700256AFA /* Frameworks */ = {
			isa = PBXFrameworksBuildPhase;
			buildActionMask = 2147483647;
			files = (
			);
			runOnlyForDeploymentPostprocessing = 0;
		};
		641C73C922F7072900256AFA /* Frameworks */ = {
			isa = PBXFrameworksBuildPhase;
			buildActionMask = 2147483647;
			files = (
			);
			runOnlyForDeploymentPostprocessing = 0;
		};
		641C73D422F7072900256AFA /* Frameworks */ = {
			isa = PBXFrameworksBuildPhase;
			buildActionMask = 2147483647;
			files = (
			);
			runOnlyForDeploymentPostprocessing = 0;
		};
/* End PBXFrameworksBuildPhase section */

/* Begin PBXGroup section */
		641C73AF22F7072700256AFA = {
			isa = PBXGroup;
			children = (
				641C73BA22F7072700256AFA /* TipCalculator */,
				641C73CF22F7072900256AFA /* TipCalculatorTests */,
				641C73DA22F7072900256AFA /* TipCalculatorUITests */,
				641C73B922F7072700256AFA /* Products */,
			);
			sourceTree = "<group>";
		};
		641C73B922F7072700256AFA /* Products */ = {
			isa = PBXGroup;
			children = (
				641C73B822F7072700256AFA /* TipCalculator.app */,
				641C73CC22F7072900256AFA /* TipCalculatorTests.xctest */,
				641C73D722F7072900256AFA /* TipCalculatorUITests.xctest */,
			);
			name = Products;
			sourceTree = "<group>";
		};
		641C73BA22F7072700256AFA /* TipCalculator */ = {
			isa = PBXGroup;
			children = (
				641C73F622F7104B00256AFA /* Model */,
				641C73F522F7104400256AFA /* ViewModel */,
				641C73F422F7103F00256AFA /* View */,
				641C73EF22F70F8900256AFA /* Extension */,
				641C73BB22F7072700256AFA /* AppDelegate.swift */,
				641C73C222F7072900256AFA /* Assets.xcassets */,
				641C73C422F7072900256AFA /* LaunchScreen.storyboard */,
				641C73C722F7072900256AFA /* Info.plist */,
			);
			path = TipCalculator;
			sourceTree = "<group>";
		};
		641C73CF22F7072900256AFA /* TipCalculatorTests */ = {
			isa = PBXGroup;
			children = (
				641C73D022F7072900256AFA /* TipCalculatorTests.swift */,
				641C73D222F7072900256AFA /* Info.plist */,
			);
			path = TipCalculatorTests;
			sourceTree = "<group>";
		};
		641C73DA22F7072900256AFA /* TipCalculatorUITests */ = {
			isa = PBXGroup;
			children = (
				641C73DB22F7072900256AFA /* TipCalculatorUITests.swift */,
				641C73DD22F7072900256AFA /* Info.plist */,
			);
			path = TipCalculatorUITests;
			sourceTree = "<group>";
		};
		641C73EF22F70F8900256AFA /* Extension */ = {
			isa = PBXGroup;
			children = (
				641C73F022F70FAA00256AFA /* Extension+Double.swift */,
				641C73F222F7101100256AFA /* Extension+String.swift */,
			);
			path = Extension;
			sourceTree = "<group>";
		};
		641C73F422F7103F00256AFA /* View */ = {
			isa = PBXGroup;
			children = (
				641C73E922F7074D00256AFA /* TipCalculator.storyboard */,
				641C73F722F711DF00256AFA /* TipCalculator.swift */,
			);
			path = View;
			sourceTree = "<group>";
		};
		641C73F522F7104400256AFA /* ViewModel */ = {
			isa = PBXGroup;
			children = (
				641C73ED22F70DE600256AFA /* TipViewModel.swift */,
			);
			path = ViewModel;
			sourceTree = "<group>";
		};
		641C73F622F7104B00256AFA /* Model */ = {
			isa = PBXGroup;
			children = (
				641C73EB22F70DAA00256AFA /* Tip.swift */,
			);
			path = Model;
			sourceTree = "<group>";
		};
/* End PBXGroup section */

/* Begin PBXNativeTarget section */
		641C73B722F7072700256AFA /* TipCalculator */ = {
			isa = PBXNativeTarget;
			buildConfigurationList = 641C73E022F7072900256AFA /* Build configuration list for PBXNativeTarget "TipCalculator" */;
			buildPhases = (
				641C73B422F7072700256AFA /* Sources */,
				641C73B522F7072700256AFA /* Frameworks */,
				641C73B622F7072700256AFA /* Resources */,
			);
			buildRules = (
			);
			dependencies = (
			);
			name = TipCalculator;
			productName = TipCalculator;
			productReference = 641C73B822F7072700256AFA /* TipCalculator.app */;
			productType = "com.apple.product-type.application";
		};
		641C73CB22F7072900256AFA /* TipCalculatorTests */ = {
			isa = PBXNativeTarget;
			buildConfigurationList = 641C73E322F7072900256AFA /* Build configuration list for PBXNativeTarget "TipCalculatorTests" */;
			buildPhases = (
				641C73C822F7072900256AFA /* Sources */,
				641C73C922F7072900256AFA /* Frameworks */,
				641C73CA22F7072900256AFA /* Resources */,
			);
			buildRules = (
			);
			dependencies = (
				641C73CE22F7072900256AFA /* PBXTargetDependency */,
			);
			name = TipCalculatorTests;
			productName = TipCalculatorTests;
			productReference = 641C73CC22F7072900256AFA /* TipCalculatorTests.xctest */;
			productType = "com.apple.product-type.bundle.unit-test";
		};
		641C73D622F7072900256AFA /* TipCalculatorUITests */ = {
			isa = PBXNativeTarget;
			buildConfigurationList = 641C73E622F7072900256AFA /* Build configuration list for PBXNativeTarget "TipCalculatorUITests" */;
			buildPhases = (
				641C73D322F7072900256AFA /* Sources */,
				641C73D422F7072900256AFA /* Frameworks */,
				641C73D522F7072900256AFA /* Resources */,
			);
			buildRules = (
			);
			dependencies = (
				641C73D922F7072900256AFA /* PBXTargetDependency */,
			);
			name = TipCalculatorUITests;
			productName = TipCalculatorUITests;
			productReference = 641C73D722F7072900256AFA /* TipCalculatorUITests.xctest */;
			productType = "com.apple.product-type.bundle.ui-testing";
		};
/* End PBXNativeTarget section */

/* Begin PBXProject section */
		641C73B022F7072700256AFA /* Project object */ = {
			isa = PBXProject;
			attributes = {
				LastSwiftUpdateCheck = 1020;
				LastUpgradeCheck = 1020;
				ORGANIZATIONNAME = "Maharjan Binish";
				TargetAttributes = {
					641C73B722F7072700256AFA = {
						CreatedOnToolsVersion = 10.2.1;
					};
					641C73CB22F7072900256AFA = {
						CreatedOnToolsVersion = 10.2.1;
						TestTargetID = 641C73B722F7072700256AFA;
					};
					641C73D622F7072900256AFA = {
						CreatedOnToolsVersion = 10.2.1;
						TestTargetID = 641C73B722F7072700256AFA;
					};
				};
			};
			buildConfigurationList = 641C73B322F7072700256AFA /* Build configuration list for PBXProject "TipCalculator" */;
			compatibilityVersion = "Xcode 9.3";
			developmentRegion = en;
			hasScannedForEncodings = 0;
			knownRegions = (
				en,
				Base,
			);
			mainGroup = 641C73AF22F7072700256AFA;
			productRefGroup = 641C73B922F7072700256AFA /* Products */;
			projectDirPath = "";
			projectRoot = "";
			targets = (
				641C73B722F7072700256AFA /* TipCalculator */,
				641C73CB22F7072900256AFA /* TipCalculatorTests */,
				641C73D622F7072900256AFA /* TipCalculatorUITests */,
			);
		};
/* End PBXProject section */

/* Begin PBXResourcesBuildPhase section */
		641C73B622F7072700256AFA /* Resources */ = {
			isa = PBXResourcesBuildPhase;
			buildActionMask = 2147483647;
			files = (
				641C73C622F7072900256AFA /* LaunchScreen.storyboard in Resources */,
				641C73EA22F7074D00256AFA /* TipCalculator.storyboard in Resources */,
				641C73C322F7072900256AFA /* Assets.xcassets in Resources */,
			);
			runOnlyForDeploymentPostprocessing = 0;
		};
		641C73CA22F7072900256AFA /* Resources */ = {
			isa = PBXResourcesBuildPhase;
			buildActionMask = 2147483647;
			files = (
			);
			runOnlyForDeploymentPostprocessing = 0;
		};
		641C73D522F7072900256AFA /* Resources */ = {
			isa = PBXResourcesBuildPhase;
			buildActionMask = 2147483647;
			files = (
			);
			runOnlyForDeploymentPostprocessing = 0;
		};
/* End PBXResourcesBuildPhase section */

/* Begin PBXSourcesBuildPhase section */
		641C73B422F7072700256AFA /* Sources */ = {
			isa = PBXSourcesBuildPhase;
			buildActionMask = 2147483647;
			files = (
				641C73F322F7101100256AFA /* Extension+String.swift in Sources */,
				641C73F122F70FAA00256AFA /* Extension+Double.swift in Sources */,
				641C73BC22F7072700256AFA /* AppDelegate.swift in Sources */,
				641C73F822F711DF00256AFA /* TipCalculator.swift in Sources */,
				641C73EE22F70DE600256AFA /* TipViewModel.swift in Sources */,
				641C73EC22F70DAA00256AFA /* Tip.swift in Sources */,
			);
			runOnlyForDeploymentPostprocessing = 0;
		};
		641C73C822F7072900256AFA /* Sources */ = {
			isa = PBXSourcesBuildPhase;
			buildActionMask = 2147483647;
			files = (
				641C73D122F7072900256AFA /* TipCalculatorTests.swift in Sources */,
			);
			runOnlyForDeploymentPostprocessing = 0;
		};
		641C73D322F7072900256AFA /* Sources */ = {
			isa = PBXSourcesBuildPhase;
			buildActionMask = 2147483647;
			files = (
				641C73DC22F7072900256AFA /* TipCalculatorUITests.swift in Sources */,
			);
			runOnlyForDeploymentPostprocessing = 0;
		};
/* End PBXSourcesBuildPhase section */

/* Begin PBXTargetDependency section */
		641C73CE22F7072900256AFA /* PBXTargetDependency */ = {
			isa = PBXTargetDependency;
			target = 641C73B722F7072700256AFA /* TipCalculator */;
			targetProxy = 641C73CD22F7072900256AFA /* PBXContainerItemProxy */;
		};
		641C73D922F7072900256AFA /* PBXTargetDependency */ = {
			isa = PBXTargetDependency;
			target = 641C73B722F7072700256AFA /* TipCalculator */;
			targetProxy = 641C73D822F7072900256AFA /* PBXContainerItemProxy */;
		};
/* End PBXTargetDependency section */

/* Begin PBXVariantGroup section */
		641C73C422F7072900256AFA /* LaunchScreen.storyboard */ = {
			isa = PBXVariantGroup;
			children = (
				641C73C522F7072900256AFA /* Base */,
			);
			name = LaunchScreen.storyboard;
			sourceTree = "<group>";
		};
/* End PBXVariantGroup section */

/* Begin XCBuildConfiguration section */
		641C73DE22F7072900256AFA /* Debug */ = {
			isa = XCBuildConfiguration;
			buildSettings = {
				ALWAYS_SEARCH_USER_PATHS = NO;
				CLANG_ANALYZER_NONNULL = YES;
				CLANG_ANALYZER_NUMBER_OBJECT_CONVERSION = YES_AGGRESSIVE;
				CLANG_CXX_LANGUAGE_STANDARD = "gnu++14";
				CLANG_CXX_LIBRARY = "libc++";
				CLANG_ENABLE_MODULES = YES;
				CLANG_ENABLE_OBJC_ARC = YES;
				CLANG_ENABLE_OBJC_WEAK = YES;
				CLANG_WARN_BLOCK_CAPTURE_AUTORELEASING = YES;
				CLANG_WARN_BOOL_CONVERSION = YES;
				CLANG_WARN_COMMA = YES;
				CLANG_WARN_CONSTANT_CONVERSION = YES;
				CLANG_WARN_DEPRECATED_OBJC_IMPLEMENTATIONS = YES;
				CLANG_WARN_DIRECT_OBJC_ISA_USAGE = YES_ERROR;
				CLANG_WARN_DOCUMENTATION_COMMENTS = YES;
				CLANG_WARN_EMPTY_BODY = YES;
				CLANG_WARN_ENUM_CONVERSION = YES;
				CLANG_WARN_INFINITE_RECURSION = YES;
				CLANG_WARN_INT_CONVERSION = YES;
				CLANG_WARN_NON_LITERAL_NULL_CONVERSION = YES;
				CLANG_WARN_OBJC_IMPLICIT_RETAIN_SELF = YES;
				CLANG_WARN_OBJC_LITERAL_CONVERSION = YES;
				CLANG_WARN_OBJC_ROOT_CLASS = YES_ERROR;
				CLANG_WARN_RANGE_LOOP_ANALYSIS = YES;
				CLANG_WARN_STRICT_PROTOTYPES = YES;
				CLANG_WARN_SUSPICIOUS_MOVE = YES;
				CLANG_WARN_UNGUARDED_AVAILABILITY = YES_AGGRESSIVE;
				CLANG_WARN_UNREACHABLE_CODE = YES;
				CLANG_WARN__DUPLICATE_METHOD_MATCH = YES;
				CODE_SIGN_IDENTITY = "iPhone Developer";
				COPY_PHASE_STRIP = NO;
				DEBUG_INFORMATION_FORMAT = dwarf;
				ENABLE_STRICT_OBJC_MSGSEND = YES;
				ENABLE_TESTABILITY = YES;
				GCC_C_LANGUAGE_STANDARD = gnu11;
				GCC_DYNAMIC_NO_PIC = NO;
				GCC_NO_COMMON_BLOCKS = YES;
				GCC_OPTIMIZATION_LEVEL = 0;
				GCC_PREPROCESSOR_DEFINITIONS = (
					"DEBUG=1",
					"$(inherited)",
				);
				GCC_WARN_64_TO_32_BIT_CONVERSION = YES;
				GCC_WARN_ABOUT_RETURN_TYPE = YES_ERROR;
				GCC_WARN_UNDECLARED_SELECTOR = YES;
				GCC_WARN_UNINITIALIZED_AUTOS = YES_AGGRESSIVE;
				GCC_WARN_UNUSED_FUNCTION = YES;
				GCC_WARN_UNUSED_VARIABLE = YES;
				IPHONEOS_DEPLOYMENT_TARGET = 12.2;
				MTL_ENABLE_DEBUG_INFO = INCLUDE_SOURCE;
				MTL_FAST_MATH = YES;
				ONLY_ACTIVE_ARCH = YES;
				SDKROOT = iphoneos;
				SWIFT_ACTIVE_COMPILATION_CONDITIONS = DEBUG;
				SWIFT_OPTIMIZATION_LEVEL = "-Onone";
			};
			name = Debug;
		};
		641C73DF22F7072900256AFA /* Release */ = {
			isa = XCBuildConfiguration;
			buildSettings = {
				ALWAYS_SEARCH_USER_PATHS = NO;
				CLANG_ANALYZER_NONNULL = YES;
				CLANG_ANALYZER_NUMBER_OBJECT_CONVERSION = YES_AGGRESSIVE;
				CLANG_CXX_LANGUAGE_STANDARD = "gnu++14";
				CLANG_CXX_LIBRARY = "libc++";
				CLANG_ENABLE_MODULES = YES;
				CLANG_ENABLE_OBJC_ARC = YES;
				CLANG_ENABLE_OBJC_WEAK = YES;
				CLANG_WARN_BLOCK_CAPTURE_AUTORELEASING = YES;
				CLANG_WARN_BOOL_CONVERSION = YES;
				CLANG_WARN_COMMA = YES;
				CLANG_WARN_CONSTANT_CONVERSION = YES;
				CLANG_WARN_DEPRECATED_OBJC_IMPLEMENTATIONS = YES;
				CLANG_WARN_DIRECT_OBJC_ISA_USAGE = YES_ERROR;
				CLANG_WARN_DOCUMENTATION_COMMENTS = YES;
				CLANG_WARN_EMPTY_BODY = YES;
				CLANG_WARN_ENUM_CONVERSION = YES;
				CLANG_WARN_INFINITE_RECURSION = YES;
				CLANG_WARN_INT_CONVERSION = YES;
				CLANG_WARN_NON_LITERAL_NULL_CONVERSION = YES;
				CLANG_WARN_OBJC_IMPLICIT_RETAIN_SELF = YES;
				CLANG_WARN_OBJC_LITERAL_CONVERSION = YES;
				CLANG_WARN_OBJC_ROOT_CLASS = YES_ERROR;
				CLANG_WARN_RANGE_LOOP_ANALYSIS = YES;
				CLANG_WARN_STRICT_PROTOTYPES = YES;
				CLANG_WARN_SUSPICIOUS_MOVE = YES;
				CLANG_WARN_UNGUARDED_AVAILABILITY = YES_AGGRESSIVE;
				CLANG_WARN_UNREACHABLE_CODE = YES;
				CLANG_WARN__DUPLICATE_METHOD_MATCH = YES;
				CODE_SIGN_IDENTITY = "iPhone Developer";
				COPY_PHASE_STRIP = NO;
				DEBUG_INFORMATION_FORMAT = "dwarf-with-dsym";
				ENABLE_NS_ASSERTIONS = NO;
				ENABLE_STRICT_OBJC_MSGSEND = YES;
				GCC_C_LANGUAGE_STANDARD = gnu11;
				GCC_NO_COMMON_BLOCKS = YES;
				GCC_WARN_64_TO_32_BIT_CONVERSION = YES;
				GCC_WARN_ABOUT_RETURN_TYPE = YES_ERROR;
				GCC_WARN_UNDECLARED_SELECTOR = YES;
				GCC_WARN_UNINITIALIZED_AUTOS = YES_AGGRESSIVE;
				GCC_WARN_UNUSED_FUNCTION = YES;
				GCC_WARN_UNUSED_VARIABLE = YES;
				IPHONEOS_DEPLOYMENT_TARGET = 12.2;
				MTL_ENABLE_DEBUG_INFO = NO;
				MTL_FAST_MATH = YES;
				SDKROOT = iphoneos;
				SWIFT_COMPILATION_MODE = wholemodule;
				SWIFT_OPTIMIZATION_LEVEL = "-O";
				VALIDATE_PRODUCT = YES;
			};
			name = Release;
		};
		641C73E122F7072900256AFA /* Debug */ = {
			isa = XCBuildConfiguration;
			buildSettings = {
				ASSETCATALOG_COMPILER_APPICON_NAME = AppIcon;
				CODE_SIGN_STYLE = Automatic;
				DEVELOPMENT_TEAM = 2QZXZME53M;
				INFOPLIST_FILE = TipCalculator/Info.plist;
				LD_RUNPATH_SEARCH_PATHS = (
					"$(inherited)",
					"@executable_path/Frameworks",
				);
				PRODUCT_BUNDLE_IDENTIFIER = maharjanbinish124.TipCalculator;
				PRODUCT_NAME = "$(TARGET_NAME)";
				SWIFT_VERSION = 5.0;
				TARGETED_DEVICE_FAMILY = "1,2";
			};
			name = Debug;
		};
		641C73E222F7072900256AFA /* Release */ = {
			isa = XCBuildConfiguration;
			buildSettings = {
				ASSETCATALOG_COMPILER_APPICON_NAME = AppIcon;
				CODE_SIGN_STYLE = Automatic;
				DEVELOPMENT_TEAM = 2QZXZME53M;
				INFOPLIST_FILE = TipCalculator/Info.plist;
				LD_RUNPATH_SEARCH_PATHS = (
					"$(inherited)",
					"@executable_path/Frameworks",
				);
				PRODUCT_BUNDLE_IDENTIFIER = maharjanbinish124.TipCalculator;
				PRODUCT_NAME = "$(TARGET_NAME)";
				SWIFT_VERSION = 5.0;
				TARGETED_DEVICE_FAMILY = "1,2";
			};
			name = Release;
		};
		641C73E422F7072900256AFA /* Debug */ = {
			isa = XCBuildConfiguration;
			buildSettings = {
				ALWAYS_EMBED_SWIFT_STANDARD_LIBRARIES = YES;
				BUNDLE_LOADER = "$(TEST_HOST)";
				CODE_SIGN_STYLE = Automatic;
				DEVELOPMENT_TEAM = 2QZXZME53M;
				INFOPLIST_FILE = TipCalculatorTests/Info.plist;
				LD_RUNPATH_SEARCH_PATHS = (
					"$(inherited)",
					"@executable_path/Frameworks",
					"@loader_path/Frameworks",
				);
				PRODUCT_BUNDLE_IDENTIFIER = maharjanbinish124.TipCalculatorTests;
				PRODUCT_NAME = "$(TARGET_NAME)";
				SWIFT_VERSION = 5.0;
				TARGETED_DEVICE_FAMILY = "1,2";
				TEST_HOST = "$(BUILT_PRODUCTS_DIR)/TipCalculator.app/TipCalculator";
			};
			name = Debug;
		};
		641C73E522F7072900256AFA /* Release */ = {
			isa = XCBuildConfiguration;
			buildSettings = {
				ALWAYS_EMBED_SWIFT_STANDARD_LIBRARIES = YES;
				BUNDLE_LOADER = "$(TEST_HOST)";
				CODE_SIGN_STYLE = Automatic;
				DEVELOPMENT_TEAM = 2QZXZME53M;
				INFOPLIST_FILE = TipCalculatorTests/Info.plist;
				LD_RUNPATH_SEARCH_PATHS = (
					"$(inherited)",
					"@executable_path/Frameworks",
					"@loader_path/Frameworks",
				);
				PRODUCT_BUNDLE_IDENTIFIER = maharjanbinish124.TipCalculatorTests;
				PRODUCT_NAME = "$(TARGET_NAME)";
				SWIFT_VERSION = 5.0;
				TARGETED_DEVICE_FAMILY = "1,2";
				TEST_HOST = "$(BUILT_PRODUCTS_DIR)/TipCalculator.app/TipCalculator";
			};
			name = Release;
		};
		641C73E722F7072900256AFA /* Debug */ = {
			isa = XCBuildConfiguration;
			buildSettings = {
				ALWAYS_EMBED_SWIFT_STANDARD_LIBRARIES = YES;
				CODE_SIGN_STYLE = Automatic;
				DEVELOPMENT_TEAM = 2QZXZME53M;
				INFOPLIST_FILE = TipCalculatorUITests/Info.plist;
				LD_RUNPATH_SEARCH_PATHS = (
					"$(inherited)",
					"@executable_path/Frameworks",
					"@loader_path/Frameworks",
				);
				PRODUCT_BUNDLE_IDENTIFIER = maharjanbinish124.TipCalculatorUITests;
				PRODUCT_NAME = "$(TARGET_NAME)";
				SWIFT_VERSION = 5.0;
				TARGETED_DEVICE_FAMILY = "1,2";
				TEST_TARGET_NAME = TipCalculator;
			};
			name = Debug;
		};
		641C73E822F7072900256AFA /* Release */ = {
			isa = XCBuildConfiguration;
			buildSettings = {
				ALWAYS_EMBED_SWIFT_STANDARD_LIBRARIES = YES;
				CODE_SIGN_STYLE = Automatic;
				DEVELOPMENT_TEAM = 2QZXZME53M;
				INFOPLIST_FILE = TipCalculatorUITests/Info.plist;
				LD_RUNPATH_SEARCH_PATHS = (
					"$(inherited)",
					"@executable_path/Frameworks",
					"@loader_path/Frameworks",
				);
				PRODUCT_BUNDLE_IDENTIFIER = maharjanbinish124.TipCalculatorUITests;
				PRODUCT_NAME = "$(TARGET_NAME)";
				SWIFT_VERSION = 5.0;
				TARGETED_DEVICE_FAMILY = "1,2";
				TEST_TARGET_NAME = TipCalculator;
			};
			name = Release;
		};
/* End XCBuildConfiguration section */

/* Begin XCConfigurationList section */
		641C73B322F7072700256AFA /* Build configuration list for PBXProject "TipCalculator" */ = {
			isa = XCConfigurationList;
			buildConfigurations = (
				641C73DE22F7072900256AFA /* Debug */,
				641C73DF22F7072900256AFA /* Release */,
			);
			defaultConfigurationIsVisible = 0;
			defaultConfigurationName = Release;
		};
		641C73E022F7072900256AFA /* Build configuration list for PBXNativeTarget "TipCalculator" */ = {
			isa = XCConfigurationList;
			buildConfigurations = (
				641C73E122F7072900256AFA /* Debug */,
				641C73E222F7072900256AFA /* Release */,
			);
			defaultConfigurationIsVisible = 0;
			defaultConfigurationName = Release;
		};
		641C73E322F7072900256AFA /* Build configuration list for PBXNativeTarget "TipCalculatorTests" */ = {
			isa = XCConfigurationList;
			buildConfigurations = (
				641C73E422F7072900256AFA /* Debug */,
				641C73E522F7072900256AFA /* Release */,
			);
			defaultConfigurationIsVisible = 0;
			defaultConfigurationName = Release;
		};
		641C73E622F7072900256AFA /* Build configuration list for PBXNativeTarget "TipCalculatorUITests" */ = {
			isa = XCConfigurationList;
			buildConfigurations = (
				641C73E722F7072900256AFA /* Debug */,
				641C73E822F7072900256AFA /* Release */,
			);
			defaultConfigurationIsVisible = 0;
			defaultConfigurationName = Release;
		};
/* End XCConfigurationList section */
	};
	rootObject = 641C73B022F7072700256AFA /* Project object */;
}
